// !$*UTF8*$!
{
	archiveVersion = 1;
	classes = {
	};
	objectVersion = 56;
	objects = {

/* Begin PBXBuildFile section */
		B467B8BE2AA23B8800AC214D /* MyPressureApp.swift in Sources */ = {isa = PBXBuildFile; fileRef = B467B8BD2AA23B8800AC214D /* MyPressureApp.swift */; };
		B467B8C02AA23B8800AC214D /* ContentView.swift in Sources */ = {isa = PBXBuildFile; fileRef = B467B8BF2AA23B8800AC214D /* ContentView.swift */; };
		B467B8C22AA23B8900AC214D /* Assets.xcassets in Resources */ = {isa = PBXBuildFile; fileRef = B467B8C12AA23B8900AC214D /* Assets.xcassets */; };
		B467B8C52AA23B8900AC214D /* Preview Assets.xcassets in Resources */ = {isa = PBXBuildFile; fileRef = B467B8C42AA23B8900AC214D /* Preview Assets.xcassets */; };
		B467B8CD2AA37F7A00AC214D /* FeedCellHeaderView.swift in Sources */ = {isa = PBXBuildFile; fileRef = B467B8CC2AA37F7A00AC214D /* FeedCellHeaderView.swift */; };
		B467B9222AA39F6A00AC214D /* 8697cf1ely8gashxj3b09j20u00u040v.jpg in Resources */ = {isa = PBXBuildFile; fileRef = B467B8CF2AA39F6A00AC214D /* 8697cf1ely8gashxj3b09j20u00u040v.jpg */; };
		B467B9232AA39F6A00AC214D /* d0c21786ly1gavj2c0kcej20c8096dh7.jpg in Resources */ = {isa = PBXBuildFile; fileRef = B467B8D02AA39F6A00AC214D /* d0c21786ly1gavj2c0kcej20c8096dh7.jpg */; };
		B467B9242AA39F6A00AC214D /* 6ec3b446jw1e8qgp5bmzyj2050050aa8.jpg in Resources */ = {isa = PBXBuildFile; fileRef = B467B8D12AA39F6A00AC214D /* 6ec3b446jw1e8qgp5bmzyj2050050aa8.jpg */; };
		B467B9252AA39F6A00AC214D /* 8a0b5544jw1e8qgp5bmzyj2050050aa8.jpg in Resources */ = {isa = PBXBuildFile; fileRef = B467B8D22AA39F6A00AC214D /* 8a0b5544jw1e8qgp5bmzyj2050050aa8.jpg */; };
		B467B9262AA39F6A00AC214D /* bca7fdafly1gax1gqdg6qj20c80avdgl.jpg in Resources */ = {isa = PBXBuildFile; fileRef = B467B8D32AA39F6A00AC214D /* bca7fdafly1gax1gqdg6qj20c80avdgl.jpg */; };
		B467B9272AA39F6A00AC214D /* 9dc7402fjw1e8qgp5bmzyj2050050aa8.jpg in Resources */ = {isa = PBXBuildFile; fileRef = B467B8D42AA39F6A00AC214D /* 9dc7402fjw1e8qgp5bmzyj2050050aa8.jpg */; };
		B467B9282AA39F6A00AC214D /* eb5c94aegy1gav25n5ibjj20zk1h8wuu.jpg in Resources */ = {isa = PBXBuildFile; fileRef = B467B8D52AA39F6A00AC214D /* eb5c94aegy1gav25n5ibjj20zk1h8wuu.jpg */; };
		B467B9292AA39F6A00AC214D /* 006gWxMEly1gavap8dywoj30hs0bwq48.jpg in Resources */ = {isa = PBXBuildFile; fileRef = B467B8D62AA39F6A00AC214D /* 006gWxMEly1gavap8dywoj30hs0bwq48.jpg */; };
		B467B92A2AA39F6A00AC214D /* 630584a6gy1gau54zl806j20m80etmzo.jpg in Resources */ = {isa = PBXBuildFile; fileRef = B467B8D72AA39F6A00AC214D /* 630584a6gy1gau54zl806j20m80etmzo.jpg */; };
		B467B92B2AA39F6A00AC214D /* 9dc7402fgy1gavd38wwlrj20j60nyq6y.jpg in Resources */ = {isa = PBXBuildFile; fileRef = B467B8D82AA39F6A00AC214D /* 9dc7402fgy1gavd38wwlrj20j60nyq6y.jpg */; };
		B467B92C2AA39F6A00AC214D /* 8a0b5544gy1gauy2flua6j20u00hitab.jpg in Resources */ = {isa = PBXBuildFile; fileRef = B467B8D92AA39F6A00AC214D /* 8a0b5544gy1gauy2flua6j20u00hitab.jpg */; };
		B467B92D2AA39F6A00AC214D /* 7f9147a5ly1fzxlh4ovuej20e90fl4fo.jpg in Resources */ = {isa = PBXBuildFile; fileRef = B467B8DA2AA39F6A00AC214D /* 7f9147a5ly1fzxlh4ovuej20e90fl4fo.jpg */; };
		B467B92E2AA39F6A00AC214D /* 7f9147a5ly1fzxlgxgzpij20e90fltsj.jpg in Resources */ = {isa = PBXBuildFile; fileRef = B467B8DB2AA39F6A00AC214D /* 7f9147a5ly1fzxlgxgzpij20e90fltsj.jpg */; };
		B467B92F2AA39F6A00AC214D /* 76297935ly1gatz8obqvkj22c0340npe.jpg in Resources */ = {isa = PBXBuildFile; fileRef = B467B8DC2AA39F6A00AC214D /* 76297935ly1gatz8obqvkj22c0340npe.jpg */; };
		B467B9302AA39F6A00AC214D /* d0c21786ly8fsax1ftiifj20ro0ro43g.jpg in Resources */ = {isa = PBXBuildFile; fileRef = B467B8DD2AA39F6A00AC214D /* d0c21786ly8fsax1ftiifj20ro0ro43g.jpg */; };
		B467B9312AA39F6A00AC214D /* 9dc7402fgy1gavd38kqjtj20j60nyn1d.jpg in Resources */ = {isa = PBXBuildFile; fileRef = B467B8DE2AA39F6A00AC214D /* 9dc7402fgy1gavd38kqjtj20j60nyn1d.jpg */; };
		B467B9322AA39F6A00AC214D /* 6a2afec3gy1gaulykcejqj20t5145wns.jpg in Resources */ = {isa = PBXBuildFile; fileRef = B467B8DF2AA39F6A00AC214D /* 6a2afec3gy1gaulykcejqj20t5145wns.jpg */; };
		B467B9332AA39F6A00AC214D /* 4e7f0c83gy1gam2mp0x4pj22tc240u0x.jpg in Resources */ = {isa = PBXBuildFile; fileRef = B467B8E02AA39F6A00AC214D /* 4e7f0c83gy1gam2mp0x4pj22tc240u0x.jpg */; };
		B467B9342AA39F6A00AC214D /* c5aa834fgy1gauzrb7s5ej20tz13qh5x.jpg in Resources */ = {isa = PBXBuildFile; fileRef = B467B8E12AA39F6A00AC214D /* c5aa834fgy1gauzrb7s5ej20tz13qh5x.jpg */; };
		B467B9352AA39F6A00AC214D /* 700a34f6gy1gaunswxtlrj20j60pkgok.jpg in Resources */ = {isa = PBXBuildFile; fileRef = B467B8E22AA39F6A00AC214D /* 700a34f6gy1gaunswxtlrj20j60pkgok.jpg */; };
		B467B9362AA39F6A00AC214D /* 8a0b5544gy1gauy2ex786j20u0129aed.jpg in Resources */ = {isa = PBXBuildFile; fileRef = B467B8E32AA39F6A00AC214D /* 8a0b5544gy1gauy2ex786j20u0129aed.jpg */; };
		B467B9372AA39F6A00AC214D /* 76297935ly1gatz89dzblj23402c0qv6.jpg in Resources */ = {isa = PBXBuildFile; fileRef = B467B8E42AA39F6A00AC214D /* 76297935ly1gatz89dzblj23402c0qv6.jpg */; };
		B467B9382AA39F6A00AC214D /* 700a34f6gy1gaunswy5qnj20j60pkadk.jpg in Resources */ = {isa = PBXBuildFile; fileRef = B467B8E52AA39F6A00AC214D /* 700a34f6gy1gaunswy5qnj20j60pkadk.jpg */; };
		B467B9392AA39F6A00AC214D /* bca7fdafgw1ekhkps65b1j2050050dg4.jpg in Resources */ = {isa = PBXBuildFile; fileRef = B467B8E62AA39F6A00AC214D /* bca7fdafgw1ekhkps65b1j2050050dg4.jpg */; };
		B467B93A2AA39F6A00AC214D /* PostListData_recommend_1.json in Resources */ = {isa = PBXBuildFile; fileRef = B467B8E72AA39F6A00AC214D /* PostListData_recommend_1.json */; };
		B467B93B2AA39F6A00AC214D /* 006gWxMEly8g0bjpl3ynij30kv0kv773.jpg in Resources */ = {isa = PBXBuildFile; fileRef = B467B8E82AA39F6A00AC214D /* 006gWxMEly8g0bjpl3ynij30kv0kv773.jpg */; };
		B467B93C2AA39F6A00AC214D /* 6ec3b446gy1gavd51jc4lj20j60pmwhl.jpg in Resources */ = {isa = PBXBuildFile; fileRef = B467B8E92AA39F6A00AC214D /* 6ec3b446gy1gavd51jc4lj20j60pmwhl.jpg */; };
		B467B93D2AA39F6A00AC214D /* 006gWxMEly1gavap88gttj30hs0a0dgf.jpg in Resources */ = {isa = PBXBuildFile; fileRef = B467B8EA2AA39F6A00AC214D /* 006gWxMEly1gavap88gttj30hs0a0dgf.jpg */; };
		B467B93E2AA39F6A00AC214D /* 4e7f0c83gy1gam2ml6nucj22tc240kjl.jpg in Resources */ = {isa = PBXBuildFile; fileRef = B467B8EB2AA39F6A00AC214D /* 4e7f0c83gy1gam2ml6nucj22tc240kjl.jpg */; };
		B467B93F2AA39F6A00AC214D /* 4e7f0c83gy1gam2misv31j21hc0u016k.jpg in Resources */ = {isa = PBXBuildFile; fileRef = B467B8EC2AA39F6A00AC214D /* 4e7f0c83gy1gam2misv31j21hc0u016k.jpg */; };
		B467B9402AA39F6A00AC214D /* 8a0b5544gy1gauy2gmkg9j20u00gegnp.jpg in Resources */ = {isa = PBXBuildFile; fileRef = B467B8ED2AA39F6A00AC214D /* 8a0b5544gy1gauy2gmkg9j20u00gegnp.jpg */; };
		B467B9412AA39F6A00AC214D /* 006gWxMEly1gavap8vsqaj30hs0bwgm6.jpg in Resources */ = {isa = PBXBuildFile; fileRef = B467B8EE2AA39F6A00AC214D /* 006gWxMEly1gavap8vsqaj30hs0bwgm6.jpg */; };
		B467B9422AA39F6A00AC214D /* 648ed25bjw8est9nqrtnij20500503yr.jpg in Resources */ = {isa = PBXBuildFile; fileRef = B467B8EF2AA39F6A00AC214D /* 648ed25bjw8est9nqrtnij20500503yr.jpg */; };
		B467B9432AA39F6A00AC214D /* eb5c94aegy1gav25ox6dvj20u00k1go9.jpg in Resources */ = {isa = PBXBuildFile; fileRef = B467B8F02AA39F6A00AC214D /* eb5c94aegy1gav25ox6dvj20u00k1go9.jpg */; };
		B467B9442AA39F6A00AC214D /* 8a0b5544gy1gauy2g35yoj20u00fomzf.jpg in Resources */ = {isa = PBXBuildFile; fileRef = B467B8F12AA39F6A00AC214D /* 8a0b5544gy1gauy2g35yoj20u00fomzf.jpg */; };
		B467B9452AA39F6A00AC214D /* 006PdkDoly8ffywe2fq39j304g04gwed.jpg in Resources */ = {isa = PBXBuildFile; fileRef = B467B8F22AA39F6A00AC214D /* 006PdkDoly8ffywe2fq39j304g04gwed.jpg */; };
		B467B9462AA39F6A00AC214D /* 700a34f6gy1gaunsxgzixj20j60edmz8.jpg in Resources */ = {isa = PBXBuildFile; fileRef = B467B8F32AA39F6A00AC214D /* 700a34f6gy1gaunsxgzixj20j60edmz8.jpg */; };
		B467B9472AA39F6A00AC214D /* bca7fdafly1gax1gqdnboj20c80atmxp.jpg in Resources */ = {isa = PBXBuildFile; fileRef = B467B8F42AA39F6A00AC214D /* bca7fdafly1gax1gqdnboj20c80atmxp.jpg */; };
		B467B9482AA39F6A00AC214D /* c5aa834fgy1gauzr6venkj20u01hc12f.jpg in Resources */ = {isa = PBXBuildFile; fileRef = B467B8F52AA39F6A00AC214D /* c5aa834fgy1gauzr6venkj20u01hc12f.jpg */; };
		B467B9492AA39F6A00AC214D /* 7f9147a5ly1fzxlh6hzdnj20e90fl7me.jpg in Resources */ = {isa = PBXBuildFile; fileRef = B467B8F62AA39F6A00AC214D /* 7f9147a5ly1fzxlh6hzdnj20e90fl7me.jpg */; };
		B467B94A2AA39F6A00AC214D /* 630584a6gy1gau54zm4dtj20m80dftbv.jpg in Resources */ = {isa = PBXBuildFile; fileRef = B467B8F72AA39F6A00AC214D /* 630584a6gy1gau54zm4dtj20m80dftbv.jpg */; };
		B467B94B2AA39F6A00AC214D /* c5aa834fgy1gauzr86bp5j20pb0w47in.jpg in Resources */ = {isa = PBXBuildFile; fileRef = B467B8F82AA39F6A00AC214D /* c5aa834fgy1gauzr86bp5j20pb0w47in.jpg */; };
		B467B94C2AA39F6A00AC214D /* 9dc7402fgy1gavd39ba15j20j60nywii.jpg in Resources */ = {isa = PBXBuildFile; fileRef = B467B8F92AA39F6A00AC214D /* 9dc7402fgy1gavd39ba15j20j60nywii.jpg */; };
		B467B94D2AA39F6A00AC214D /* bca7fdafly1gax1gqfgsjj20c80axaay.jpg in Resources */ = {isa = PBXBuildFile; fileRef = B467B8FA2AA39F6A00AC214D /* bca7fdafly1gax1gqfgsjj20c80axaay.jpg */; };
		B467B94E2AA39F6A00AC214D /* c5aa834fly8g97m8ix9lcj20re0regnk.jpg in Resources */ = {isa = PBXBuildFile; fileRef = B467B8FB2AA39F6A00AC214D /* c5aa834fly8g97m8ix9lcj20re0regnk.jpg */; };
		B467B94F2AA39F6A00AC214D /* 700a34f6ly8g9a29rjt92j20fn0iqdg8.jpg in Resources */ = {isa = PBXBuildFile; fileRef = B467B8FC2AA39F6A00AC214D /* 700a34f6ly8g9a29rjt92j20fn0iqdg8.jpg */; };
		B467B9502AA39F6A00AC214D /* d0c21786ly1gavj2cdrkyj20c80720tg.jpg in Resources */ = {isa = PBXBuildFile; fileRef = B467B8FD2AA39F6A00AC214D /* d0c21786ly1gavj2cdrkyj20c80720tg.jpg */; };
		B467B9512AA39F6A00AC214D /* bca7fdafly1gax1gqehdaj20c80atq3x.jpg in Resources */ = {isa = PBXBuildFile; fileRef = B467B8FE2AA39F6A00AC214D /* bca7fdafly1gax1gqehdaj20c80atq3x.jpg */; };
		B467B9522AA39F6A00AC214D /* d0c21786ly1gavj2d17d9j20c808zq3r.jpg in Resources */ = {isa = PBXBuildFile; fileRef = B467B8FF2AA39F6A00AC214D /* d0c21786ly1gavj2d17d9j20c808zq3r.jpg */; };
		B467B9532AA39F6A00AC214D /* 8a0b5544gy1gauy2gz000j20u00n6wgj.jpg in Resources */ = {isa = PBXBuildFile; fileRef = B467B9002AA39F6A00AC214D /* 8a0b5544gy1gauy2gz000j20u00n6wgj.jpg */; };
		B467B9542AA39F6A00AC214D /* 006PdkDogy1gap6ngj12ej30u011itf7.jpg in Resources */ = {isa = PBXBuildFile; fileRef = B467B9012AA39F6A00AC214D /* 006PdkDogy1gap6ngj12ej30u011itf7.jpg */; };
		B467B9552AA39F6A00AC214D /* 700a34f6gy1gaunsx2jywj20j60pkaeu.jpg in Resources */ = {isa = PBXBuildFile; fileRef = B467B9022AA39F6A00AC214D /* 700a34f6gy1gaunsx2jywj20j60pkaeu.jpg */; };
		B467B9562AA39F6A00AC214D /* 4e7f0c83gy1gam2mr1b81j22tc2407wi.jpg in Resources */ = {isa = PBXBuildFile; fileRef = B467B9032AA39F6A00AC214D /* 4e7f0c83gy1gam2mr1b81j22tc2407wi.jpg */; };
		B467B9572AA39F6A00AC214D /* 6a2afec3jw8fb4ld0qf2gj20e80dsdfz.jpg in Resources */ = {isa = PBXBuildFile; fileRef = B467B9042AA39F6A00AC214D /* 6a2afec3jw8fb4ld0qf2gj20e80dsdfz.jpg */; };
		B467B9582AA39F6A00AC214D /* bca7fdafly1gax1gqd9vmj20c80ayaam.jpg in Resources */ = {isa = PBXBuildFile; fileRef = B467B9052AA39F6A00AC214D /* bca7fdafly1gax1gqd9vmj20c80ayaam.jpg */; };
		B467B9592AA39F6A00AC214D /* 8a0b5544gy1gauy2hcozsj20u01czdiy.jpg in Resources */ = {isa = PBXBuildFile; fileRef = B467B9062AA39F6A00AC214D /* 8a0b5544gy1gauy2hcozsj20u01czdiy.jpg */; };
		B467B95A2AA39F6A00AC214D /* c5aa834fgy1gauzr95r6fj20tw0l3dq4.jpg in Resources */ = {isa = PBXBuildFile; fileRef = B467B9072AA39F6A00AC214D /* c5aa834fgy1gauzr95r6fj20tw0l3dq4.jpg */; };
		B467B95B2AA39F6A00AC214D /* 006PdkDogy1gap6ngiyn3j30u011idle.jpg in Resources */ = {isa = PBXBuildFile; fileRef = B467B9082AA39F6A00AC214D /* 006PdkDogy1gap6ngiyn3j30u011idle.jpg */; };
		B467B95C2AA39F6A00AC214D /* d0c21786ly1gavj2btv6tj20c80790tg.jpg in Resources */ = {isa = PBXBuildFile; fileRef = B467B9092AA39F6A00AC214D /* d0c21786ly1gavj2btv6tj20c80790tg.jpg */; };
		B467B95D2AA39F6A00AC214D /* PostListData_hot_1.json in Resources */ = {isa = PBXBuildFile; fileRef = B467B90A2AA39F6A00AC214D /* PostListData_hot_1.json */; };
		B467B95E2AA39F6A00AC214D /* eb5c94aely8fmvumnl9baj20v90v9q49.jpg in Resources */ = {isa = PBXBuildFile; fileRef = B467B90B2AA39F6A00AC214D /* eb5c94aely8fmvumnl9baj20v90v9q49.jpg */; };
		B467B95F2AA39F6A00AC214D /* 630584a6ly8fqs5wwkkmrj20ku0kuta7.jpg in Resources */ = {isa = PBXBuildFile; fileRef = B467B90C2AA39F6A00AC214D /* 630584a6ly8fqs5wwkkmrj20ku0kuta7.jpg */; };
		B467B9602AA39F6A00AC214D /* d0c21786ly1gavj2cowp9j20c8083ab4.jpg in Resources */ = {isa = PBXBuildFile; fileRef = B467B90D2AA39F6A00AC214D /* d0c21786ly1gavj2cowp9j20c8083ab4.jpg */; };
		B467B9612AA39F6A00AC214D /* 9dc7402fgy1gavd367p0pj20j60nywic.jpg in Resources */ = {isa = PBXBuildFile; fileRef = B467B90E2AA39F6A00AC214D /* 9dc7402fgy1gavd367p0pj20j60nywic.jpg */; };
		B467B9622AA39F6A00AC214D /* 006gWxMEly1gavap86qr9j30ht0qo40t.jpg in Resources */ = {isa = PBXBuildFile; fileRef = B467B90F2AA39F6A00AC214D /* 006gWxMEly1gavap86qr9j30ht0qo40t.jpg */; };
		B467B9632AA39F6A00AC214D /* 76297935ly1gatz8k5itij22c02c01ky.jpg in Resources */ = {isa = PBXBuildFile; fileRef = B467B9102AA39F6A00AC214D /* 76297935ly1gatz8k5itij22c02c01ky.jpg */; };
		B467B9642AA39F6A00AC214D /* 76297935ly1gatz8g5rvxj22c03401kz.jpg in Resources */ = {isa = PBXBuildFile; fileRef = B467B9112AA39F6A00AC214D /* 76297935ly1gatz8g5rvxj22c03401kz.jpg */; };
		B467B9652AA39F6A00AC214D /* 700a34f6gy1gaunsxhp4pj20j60pkn1k.jpg in Resources */ = {isa = PBXBuildFile; fileRef = B467B9122AA39F6A00AC214D /* 700a34f6gy1gaunsxhp4pj20j60pkn1k.jpg */; };
		B467B9662AA39F6A00AC214D /* eb5c94aegy1gav2509cp5j20zk0k0n2j.jpg in Resources */ = {isa = PBXBuildFile; fileRef = B467B9132AA39F6A00AC214D /* eb5c94aegy1gav2509cp5j20zk0k0n2j.jpg */; };
		B467B9672AA39F6A00AC214D /* 4e7f0c83gy1gam2mn58d3j22tc240qv5.jpg in Resources */ = {isa = PBXBuildFile; fileRef = B467B9142AA39F6A00AC214D /* 4e7f0c83gy1gam2mn58d3j22tc240qv5.jpg */; };
		B467B9682AA39F6A00AC214D /* eb5c94aegy1gav26fycwlj20zk1h8drh.jpg in Resources */ = {isa = PBXBuildFile; fileRef = B467B9152AA39F6A00AC214D /* eb5c94aegy1gav26fycwlj20zk1h8drh.jpg */; };
		B467B9692AA39F6A00AC214D /* 630584a6gy1gau54zyj61j20m80etn07.jpg in Resources */ = {isa = PBXBuildFile; fileRef = B467B9162AA39F6A00AC214D /* 630584a6gy1gau54zyj61j20m80etn07.jpg */; };
		B467B96A2AA39F6A00AC214D /* c5aa834fgy1gauzr8ok78j20tz12fk8w.jpg in Resources */ = {isa = PBXBuildFile; fileRef = B467B9172AA39F6A00AC214D /* c5aa834fgy1gauzr8ok78j20tz12fk8w.jpg */; };
		B467B96B2AA39F6A00AC214D /* 76297935ly8g4phfkq68hj20u00u0mzt.jpg in Resources */ = {isa = PBXBuildFile; fileRef = B467B9182AA39F6A00AC214D /* 76297935ly8g4phfkq68hj20u00u0mzt.jpg */; };
		B467B96C2AA39F6A00AC214D /* 9dc7402fgy1gavd37l9nwj20j60ny44q.jpg in Resources */ = {isa = PBXBuildFile; fileRef = B467B9192AA39F6A00AC214D /* 9dc7402fgy1gavd37l9nwj20j60ny44q.jpg */; };
		B467B96D2AA39F6A00AC214D /* 700a34f6gy1gaunswwui7j20j60pl78e.jpg in Resources */ = {isa = PBXBuildFile; fileRef = B467B91A2AA39F6A00AC214D /* 700a34f6gy1gaunswwui7j20j60pl78e.jpg */; };
		B467B96E2AA39F6A00AC214D /* 630584a6gy1gau54zgaxhj20m80et0vq.jpg in Resources */ = {isa = PBXBuildFile; fileRef = B467B91B2AA39F6A00AC214D /* 630584a6gy1gau54zgaxhj20m80et0vq.jpg */; };
		B467B96F2AA39F6A00AC214D /* 4e7f0c83gy1gam2mjhk8zj21hc0v6wnx.jpg in Resources */ = {isa = PBXBuildFile; fileRef = B467B91C2AA39F6A00AC214D /* 4e7f0c83gy1gam2mjhk8zj21hc0v6wnx.jpg */; };
		B467B9702AA39F6A00AC214D /* 6ec3b446gy1gavd4xud8lj20j60qkwj0.jpg in Resources */ = {isa = PBXBuildFile; fileRef = B467B91D2AA39F6A00AC214D /* 6ec3b446gy1gavd4xud8lj20j60qkwj0.jpg */; };
		B467B9712AA39F6A00AC214D /* 4e7f0c83ly8g1ho507078j20ro0rojtq.jpg in Resources */ = {isa = PBXBuildFile; fileRef = B467B91E2AA39F6A00AC214D /* 4e7f0c83ly8g1ho507078j20ro0rojtq.jpg */; };
		B467B9722AA39F6A00AC214D /* bca7fdafly1gax1gqdhouj20c80axaam.jpg in Resources */ = {isa = PBXBuildFile; fileRef = B467B91F2AA39F6A00AC214D /* bca7fdafly1gax1gqdhouj20c80axaam.jpg */; };
		B467B9732AA39F6A00AC214D /* 6ec3b446gy1gavd523embj20j60pytd6.jpg in Resources */ = {isa = PBXBuildFile; fileRef = B467B9202AA39F6A00AC214D /* 6ec3b446gy1gavd523embj20j60pytd6.jpg */; };
		B467B9742AA39F6A00AC214D /* 005tnxzUly8gab4i2r73xj30u00u0js8.jpg in Resources */ = {isa = PBXBuildFile; fileRef = B467B9212AA39F6A00AC214D /* 005tnxzUly8gab4i2r73xj30u00u0js8.jpg */; };
		B467B9772AA3A28500AC214D /* VipBadgeView.swift in Sources */ = {isa = PBXBuildFile; fileRef = B467B9762AA3A28500AC214D /* VipBadgeView.swift */; };
/* End PBXBuildFile section */

/* Begin PBXFileReference section */
		B467B8BA2AA23B8800AC214D /* MyPressure.app */ = {isa = PBXFileReference; explicitFileType = wrapper.application; includeInIndex = 0; path = MyPressure.app; sourceTree = BUILT_PRODUCTS_DIR; };
		B467B8BD2AA23B8800AC214D /* MyPressureApp.swift */ = {isa = PBXFileReference; lastKnownFileType = sourcecode.swift; path = MyPressureApp.swift; sourceTree = "<group>"; };
		B467B8BF2AA23B8800AC214D /* ContentView.swift */ = {isa = PBXFileReference; lastKnownFileType = sourcecode.swift; path = ContentView.swift; sourceTree = "<group>"; };
		B467B8C12AA23B8900AC214D /* Assets.xcassets */ = {isa = PBXFileReference; lastKnownFileType = folder.assetcatalog; path = Assets.xcassets; sourceTree = "<group>"; };
		B467B8C42AA23B8900AC214D /* Preview Assets.xcassets */ = {isa = PBXFileReference; lastKnownFileType = folder.assetcatalog; path = "Preview Assets.xcassets"; sourceTree = "<group>"; };
		B467B8CC2AA37F7A00AC214D /* FeedCellHeaderView.swift */ = {isa = PBXFileReference; lastKnownFileType = sourcecode.swift; path = FeedCellHeaderView.swift; sourceTree = "<group>"; };
		B467B8CF2AA39F6A00AC214D /* 8697cf1ely8gashxj3b09j20u00u040v.jpg */ = {isa = PBXFileReference; lastKnownFileType = image.jpeg; path = 8697cf1ely8gashxj3b09j20u00u040v.jpg; sourceTree = "<group>"; };
		B467B8D02AA39F6A00AC214D /* d0c21786ly1gavj2c0kcej20c8096dh7.jpg */ = {isa = PBXFileReference; lastKnownFileType = image.jpeg; path = d0c21786ly1gavj2c0kcej20c8096dh7.jpg; sourceTree = "<group>"; };
		B467B8D12AA39F6A00AC214D /* 6ec3b446jw1e8qgp5bmzyj2050050aa8.jpg */ = {isa = PBXFileReference; lastKnownFileType = image.jpeg; path = 6ec3b446jw1e8qgp5bmzyj2050050aa8.jpg; sourceTree = "<group>"; };
		B467B8D22AA39F6A00AC214D /* 8a0b5544jw1e8qgp5bmzyj2050050aa8.jpg */ = {isa = PBXFileReference; lastKnownFileType = image.jpeg; path = 8a0b5544jw1e8qgp5bmzyj2050050aa8.jpg; sourceTree = "<group>"; };
		B467B8D32AA39F6A00AC214D /* bca7fdafly1gax1gqdg6qj20c80avdgl.jpg */ = {isa = PBXFileReference; lastKnownFileType = image.jpeg; path = bca7fdafly1gax1gqdg6qj20c80avdgl.jpg; sourceTree = "<group>"; };
		B467B8D42AA39F6A00AC214D /* 9dc7402fjw1e8qgp5bmzyj2050050aa8.jpg */ = {isa = PBXFileReference; lastKnownFileType = image.jpeg; path = 9dc7402fjw1e8qgp5bmzyj2050050aa8.jpg; sourceTree = "<group>"; };
		B467B8D52AA39F6A00AC214D /* eb5c94aegy1gav25n5ibjj20zk1h8wuu.jpg */ = {isa = PBXFileReference; lastKnownFileType = image.jpeg; path = eb5c94aegy1gav25n5ibjj20zk1h8wuu.jpg; sourceTree = "<group>"; };
		B467B8D62AA39F6A00AC214D /* 006gWxMEly1gavap8dywoj30hs0bwq48.jpg */ = {isa = PBXFileReference; lastKnownFileType = image.jpeg; path = 006gWxMEly1gavap8dywoj30hs0bwq48.jpg; sourceTree = "<group>"; };
		B467B8D72AA39F6A00AC214D /* 630584a6gy1gau54zl806j20m80etmzo.jpg */ = {isa = PBXFileReference; lastKnownFileType = image.jpeg; path = 630584a6gy1gau54zl806j20m80etmzo.jpg; sourceTree = "<group>"; };
		B467B8D82AA39F6A00AC214D /* 9dc7402fgy1gavd38wwlrj20j60nyq6y.jpg */ = {isa = PBXFileReference; lastKnownFileType = image.jpeg; path = 9dc7402fgy1gavd38wwlrj20j60nyq6y.jpg; sourceTree = "<group>"; };
		B467B8D92AA39F6A00AC214D /* 8a0b5544gy1gauy2flua6j20u00hitab.jpg */ = {isa = PBXFileReference; lastKnownFileType = image.jpeg; path = 8a0b5544gy1gauy2flua6j20u00hitab.jpg; sourceTree = "<group>"; };
		B467B8DA2AA39F6A00AC214D /* 7f9147a5ly1fzxlh4ovuej20e90fl4fo.jpg */ = {isa = PBXFileReference; lastKnownFileType = image.jpeg; path = 7f9147a5ly1fzxlh4ovuej20e90fl4fo.jpg; sourceTree = "<group>"; };
		B467B8DB2AA39F6A00AC214D /* 7f9147a5ly1fzxlgxgzpij20e90fltsj.jpg */ = {isa = PBXFileReference; lastKnownFileType = image.jpeg; path = 7f9147a5ly1fzxlgxgzpij20e90fltsj.jpg; sourceTree = "<group>"; };
		B467B8DC2AA39F6A00AC214D /* 76297935ly1gatz8obqvkj22c0340npe.jpg */ = {isa = PBXFileReference; lastKnownFileType = image.jpeg; path = 76297935ly1gatz8obqvkj22c0340npe.jpg; sourceTree = "<group>"; };
		B467B8DD2AA39F6A00AC214D /* d0c21786ly8fsax1ftiifj20ro0ro43g.jpg */ = {isa = PBXFileReference; lastKnownFileType = image.jpeg; path = d0c21786ly8fsax1ftiifj20ro0ro43g.jpg; sourceTree = "<group>"; };
		B467B8DE2AA39F6A00AC214D /* 9dc7402fgy1gavd38kqjtj20j60nyn1d.jpg */ = {isa = PBXFileReference; lastKnownFileType = image.jpeg; path = 9dc7402fgy1gavd38kqjtj20j60nyn1d.jpg; sourceTree = "<group>"; };
		B467B8DF2AA39F6A00AC214D /* 6a2afec3gy1gaulykcejqj20t5145wns.jpg */ = {isa = PBXFileReference; lastKnownFileType = image.jpeg; path = 6a2afec3gy1gaulykcejqj20t5145wns.jpg; sourceTree = "<group>"; };
		B467B8E02AA39F6A00AC214D /* 4e7f0c83gy1gam2mp0x4pj22tc240u0x.jpg */ = {isa = PBXFileReference; lastKnownFileType = image.jpeg; path = 4e7f0c83gy1gam2mp0x4pj22tc240u0x.jpg; sourceTree = "<group>"; };
		B467B8E12AA39F6A00AC214D /* c5aa834fgy1gauzrb7s5ej20tz13qh5x.jpg */ = {isa = PBXFileReference; lastKnownFileType = image.jpeg; path = c5aa834fgy1gauzrb7s5ej20tz13qh5x.jpg; sourceTree = "<group>"; };
		B467B8E22AA39F6A00AC214D /* 700a34f6gy1gaunswxtlrj20j60pkgok.jpg */ = {isa = PBXFileReference; lastKnownFileType = image.jpeg; path = 700a34f6gy1gaunswxtlrj20j60pkgok.jpg; sourceTree = "<group>"; };
		B467B8E32AA39F6A00AC214D /* 8a0b5544gy1gauy2ex786j20u0129aed.jpg */ = {isa = PBXFileReference; lastKnownFileType = image.jpeg; path = 8a0b5544gy1gauy2ex786j20u0129aed.jpg; sourceTree = "<group>"; };
		B467B8E42AA39F6A00AC214D /* 76297935ly1gatz89dzblj23402c0qv6.jpg */ = {isa = PBXFileReference; lastKnownFileType = image.jpeg; path = 76297935ly1gatz89dzblj23402c0qv6.jpg; sourceTree = "<group>"; };
		B467B8E52AA39F6A00AC214D /* 700a34f6gy1gaunswy5qnj20j60pkadk.jpg */ = {isa = PBXFileReference; lastKnownFileType = image.jpeg; path = 700a34f6gy1gaunswy5qnj20j60pkadk.jpg; sourceTree = "<group>"; };
		B467B8E62AA39F6A00AC214D /* bca7fdafgw1ekhkps65b1j2050050dg4.jpg */ = {isa = PBXFileReference; lastKnownFileType = image.jpeg; path = bca7fdafgw1ekhkps65b1j2050050dg4.jpg; sourceTree = "<group>"; };
		B467B8E72AA39F6A00AC214D /* PostListData_recommend_1.json */ = {isa = PBXFileReference; fileEncoding = 4; lastKnownFileType = text.json; path = PostListData_recommend_1.json; sourceTree = "<group>"; };
		B467B8E82AA39F6A00AC214D /* 006gWxMEly8g0bjpl3ynij30kv0kv773.jpg */ = {isa = PBXFileReference; lastKnownFileType = image.jpeg; path = 006gWxMEly8g0bjpl3ynij30kv0kv773.jpg; sourceTree = "<group>"; };
		B467B8E92AA39F6A00AC214D /* 6ec3b446gy1gavd51jc4lj20j60pmwhl.jpg */ = {isa = PBXFileReference; lastKnownFileType = image.jpeg; path = 6ec3b446gy1gavd51jc4lj20j60pmwhl.jpg; sourceTree = "<group>"; };
		B467B8EA2AA39F6A00AC214D /* 006gWxMEly1gavap88gttj30hs0a0dgf.jpg */ = {isa = PBXFileReference; lastKnownFileType = image.jpeg; path = 006gWxMEly1gavap88gttj30hs0a0dgf.jpg; sourceTree = "<group>"; };
		B467B8EB2AA39F6A00AC214D /* 4e7f0c83gy1gam2ml6nucj22tc240kjl.jpg */ = {isa = PBXFileReference; lastKnownFileType = image.jpeg; path = 4e7f0c83gy1gam2ml6nucj22tc240kjl.jpg; sourceTree = "<group>"; };
		B467B8EC2AA39F6A00AC214D /* 4e7f0c83gy1gam2misv31j21hc0u016k.jpg */ = {isa = PBXFileReference; lastKnownFileType = image.jpeg; path = 4e7f0c83gy1gam2misv31j21hc0u016k.jpg; sourceTree = "<group>"; };
		B467B8ED2AA39F6A00AC214D /* 8a0b5544gy1gauy2gmkg9j20u00gegnp.jpg */ = {isa = PBXFileReference; lastKnownFileType = image.jpeg; path = 8a0b5544gy1gauy2gmkg9j20u00gegnp.jpg; sourceTree = "<group>"; };
		B467B8EE2AA39F6A00AC214D /* 006gWxMEly1gavap8vsqaj30hs0bwgm6.jpg */ = {isa = PBXFileReference; lastKnownFileType = image.jpeg; path = 006gWxMEly1gavap8vsqaj30hs0bwgm6.jpg; sourceTree = "<group>"; };
		B467B8EF2AA39F6A00AC214D /* 648ed25bjw8est9nqrtnij20500503yr.jpg */ = {isa = PBXFileReference; lastKnownFileType = image.jpeg; path = 648ed25bjw8est9nqrtnij20500503yr.jpg; sourceTree = "<group>"; };
		B467B8F02AA39F6A00AC214D /* eb5c94aegy1gav25ox6dvj20u00k1go9.jpg */ = {isa = PBXFileReference; lastKnownFileType = image.jpeg; path = eb5c94aegy1gav25ox6dvj20u00k1go9.jpg; sourceTree = "<group>"; };
		B467B8F12AA39F6A00AC214D /* 8a0b5544gy1gauy2g35yoj20u00fomzf.jpg */ = {isa = PBXFileReference; lastKnownFileType = image.jpeg; path = 8a0b5544gy1gauy2g35yoj20u00fomzf.jpg; sourceTree = "<group>"; };
		B467B8F22AA39F6A00AC214D /* 006PdkDoly8ffywe2fq39j304g04gwed.jpg */ = {isa = PBXFileReference; lastKnownFileType = image.jpeg; path = 006PdkDoly8ffywe2fq39j304g04gwed.jpg; sourceTree = "<group>"; };
		B467B8F32AA39F6A00AC214D /* 700a34f6gy1gaunsxgzixj20j60edmz8.jpg */ = {isa = PBXFileReference; lastKnownFileType = image.jpeg; path = 700a34f6gy1gaunsxgzixj20j60edmz8.jpg; sourceTree = "<group>"; };
		B467B8F42AA39F6A00AC214D /* bca7fdafly1gax1gqdnboj20c80atmxp.jpg */ = {isa = PBXFileReference; lastKnownFileType = image.jpeg; path = bca7fdafly1gax1gqdnboj20c80atmxp.jpg; sourceTree = "<group>"; };
		B467B8F52AA39F6A00AC214D /* c5aa834fgy1gauzr6venkj20u01hc12f.jpg */ = {isa = PBXFileReference; lastKnownFileType = image.jpeg; path = c5aa834fgy1gauzr6venkj20u01hc12f.jpg; sourceTree = "<group>"; };
		B467B8F62AA39F6A00AC214D /* 7f9147a5ly1fzxlh6hzdnj20e90fl7me.jpg */ = {isa = PBXFileReference; lastKnownFileType = image.jpeg; path = 7f9147a5ly1fzxlh6hzdnj20e90fl7me.jpg; sourceTree = "<group>"; };
		B467B8F72AA39F6A00AC214D /* 630584a6gy1gau54zm4dtj20m80dftbv.jpg */ = {isa = PBXFileReference; lastKnownFileType = image.jpeg; path = 630584a6gy1gau54zm4dtj20m80dftbv.jpg; sourceTree = "<group>"; };
		B467B8F82AA39F6A00AC214D /* c5aa834fgy1gauzr86bp5j20pb0w47in.jpg */ = {isa = PBXFileReference; lastKnownFileType = image.jpeg; path = c5aa834fgy1gauzr86bp5j20pb0w47in.jpg; sourceTree = "<group>"; };
		B467B8F92AA39F6A00AC214D /* 9dc7402fgy1gavd39ba15j20j60nywii.jpg */ = {isa = PBXFileReference; lastKnownFileType = image.jpeg; path = 9dc7402fgy1gavd39ba15j20j60nywii.jpg; sourceTree = "<group>"; };
		B467B8FA2AA39F6A00AC214D /* bca7fdafly1gax1gqfgsjj20c80axaay.jpg */ = {isa = PBXFileReference; lastKnownFileType = image.jpeg; path = bca7fdafly1gax1gqfgsjj20c80axaay.jpg; sourceTree = "<group>"; };
		B467B8FB2AA39F6A00AC214D /* c5aa834fly8g97m8ix9lcj20re0regnk.jpg */ = {isa = PBXFileReference; lastKnownFileType = image.jpeg; path = c5aa834fly8g97m8ix9lcj20re0regnk.jpg; sourceTree = "<group>"; };
		B467B8FC2AA39F6A00AC214D /* 700a34f6ly8g9a29rjt92j20fn0iqdg8.jpg */ = {isa = PBXFileReference; lastKnownFileType = image.jpeg; path = 700a34f6ly8g9a29rjt92j20fn0iqdg8.jpg; sourceTree = "<group>"; };
		B467B8FD2AA39F6A00AC214D /* d0c21786ly1gavj2cdrkyj20c80720tg.jpg */ = {isa = PBXFileReference; lastKnownFileType = image.jpeg; path = d0c21786ly1gavj2cdrkyj20c80720tg.jpg; sourceTree = "<group>"; };
		B467B8FE2AA39F6A00AC214D /* bca7fdafly1gax1gqehdaj20c80atq3x.jpg */ = {isa = PBXFileReference; lastKnownFileType = image.jpeg; path = bca7fdafly1gax1gqehdaj20c80atq3x.jpg; sourceTree = "<group>"; };
		B467B8FF2AA39F6A00AC214D /* d0c21786ly1gavj2d17d9j20c808zq3r.jpg */ = {isa = PBXFileReference; lastKnownFileType = image.jpeg; path = d0c21786ly1gavj2d17d9j20c808zq3r.jpg; sourceTree = "<group>"; };
		B467B9002AA39F6A00AC214D /* 8a0b5544gy1gauy2gz000j20u00n6wgj.jpg */ = {isa = PBXFileReference; lastKnownFileType = image.jpeg; path = 8a0b5544gy1gauy2gz000j20u00n6wgj.jpg; sourceTree = "<group>"; };
		B467B9012AA39F6A00AC214D /* 006PdkDogy1gap6ngj12ej30u011itf7.jpg */ = {isa = PBXFileReference; lastKnownFileType = image.jpeg; path = 006PdkDogy1gap6ngj12ej30u011itf7.jpg; sourceTree = "<group>"; };
		B467B9022AA39F6A00AC214D /* 700a34f6gy1gaunsx2jywj20j60pkaeu.jpg */ = {isa = PBXFileReference; lastKnownFileType = image.jpeg; path = 700a34f6gy1gaunsx2jywj20j60pkaeu.jpg; sourceTree = "<group>"; };
		B467B9032AA39F6A00AC214D /* 4e7f0c83gy1gam2mr1b81j22tc2407wi.jpg */ = {isa = PBXFileReference; lastKnownFileType = image.jpeg; path = 4e7f0c83gy1gam2mr1b81j22tc2407wi.jpg; sourceTree = "<group>"; };
		B467B9042AA39F6A00AC214D /* 6a2afec3jw8fb4ld0qf2gj20e80dsdfz.jpg */ = {isa = PBXFileReference; lastKnownFileType = image.jpeg; path = 6a2afec3jw8fb4ld0qf2gj20e80dsdfz.jpg; sourceTree = "<group>"; };
		B467B9052AA39F6A00AC214D /* bca7fdafly1gax1gqd9vmj20c80ayaam.jpg */ = {isa = PBXFileReference; lastKnownFileType = image.jpeg; path = bca7fdafly1gax1gqd9vmj20c80ayaam.jpg; sourceTree = "<group>"; };
		B467B9062AA39F6A00AC214D /* 8a0b5544gy1gauy2hcozsj20u01czdiy.jpg */ = {isa = PBXFileReference; lastKnownFileType = image.jpeg; path = 8a0b5544gy1gauy2hcozsj20u01czdiy.jpg; sourceTree = "<group>"; };
		B467B9072AA39F6A00AC214D /* c5aa834fgy1gauzr95r6fj20tw0l3dq4.jpg */ = {isa = PBXFileReference; lastKnownFileType = image.jpeg; path = c5aa834fgy1gauzr95r6fj20tw0l3dq4.jpg; sourceTree = "<group>"; };
		B467B9082AA39F6A00AC214D /* 006PdkDogy1gap6ngiyn3j30u011idle.jpg */ = {isa = PBXFileReference; lastKnownFileType = image.jpeg; path = 006PdkDogy1gap6ngiyn3j30u011idle.jpg; sourceTree = "<group>"; };
		B467B9092AA39F6A00AC214D /* d0c21786ly1gavj2btv6tj20c80790tg.jpg */ = {isa = PBXFileReference; lastKnownFileType = image.jpeg; path = d0c21786ly1gavj2btv6tj20c80790tg.jpg; sourceTree = "<group>"; };
		B467B90A2AA39F6A00AC214D /* PostListData_hot_1.json */ = {isa = PBXFileReference; fileEncoding = 4; lastKnownFileType = text.json; path = PostListData_hot_1.json; sourceTree = "<group>"; };
		B467B90B2AA39F6A00AC214D /* eb5c94aely8fmvumnl9baj20v90v9q49.jpg */ = {isa = PBXFileReference; lastKnownFileType = image.jpeg; path = eb5c94aely8fmvumnl9baj20v90v9q49.jpg; sourceTree = "<group>"; };
		B467B90C2AA39F6A00AC214D /* 630584a6ly8fqs5wwkkmrj20ku0kuta7.jpg */ = {isa = PBXFileReference; lastKnownFileType = image.jpeg; path = 630584a6ly8fqs5wwkkmrj20ku0kuta7.jpg; sourceTree = "<group>"; };
		B467B90D2AA39F6A00AC214D /* d0c21786ly1gavj2cowp9j20c8083ab4.jpg */ = {isa = PBXFileReference; lastKnownFileType = image.jpeg; path = d0c21786ly1gavj2cowp9j20c8083ab4.jpg; sourceTree = "<group>"; };
		B467B90E2AA39F6A00AC214D /* 9dc7402fgy1gavd367p0pj20j60nywic.jpg */ = {isa = PBXFileReference; lastKnownFileType = image.jpeg; path = 9dc7402fgy1gavd367p0pj20j60nywic.jpg; sourceTree = "<group>"; };
		B467B90F2AA39F6A00AC214D /* 006gWxMEly1gavap86qr9j30ht0qo40t.jpg */ = {isa = PBXFileReference; lastKnownFileType = image.jpeg; path = 006gWxMEly1gavap86qr9j30ht0qo40t.jpg; sourceTree = "<group>"; };
		B467B9102AA39F6A00AC214D /* 76297935ly1gatz8k5itij22c02c01ky.jpg */ = {isa = PBXFileReference; lastKnownFileType = image.jpeg; path = 76297935ly1gatz8k5itij22c02c01ky.jpg; sourceTree = "<group>"; };
		B467B9112AA39F6A00AC214D /* 76297935ly1gatz8g5rvxj22c03401kz.jpg */ = {isa = PBXFileReference; lastKnownFileType = image.jpeg; path = 76297935ly1gatz8g5rvxj22c03401kz.jpg; sourceTree = "<group>"; };
		B467B9122AA39F6A00AC214D /* 700a34f6gy1gaunsxhp4pj20j60pkn1k.jpg */ = {isa = PBXFileReference; lastKnownFileType = image.jpeg; path = 700a34f6gy1gaunsxhp4pj20j60pkn1k.jpg; sourceTree = "<group>"; };
		B467B9132AA39F6A00AC214D /* eb5c94aegy1gav2509cp5j20zk0k0n2j.jpg */ = {isa = PBXFileReference; lastKnownFileType = image.jpeg; path = eb5c94aegy1gav2509cp5j20zk0k0n2j.jpg; sourceTree = "<group>"; };
		B467B9142AA39F6A00AC214D /* 4e7f0c83gy1gam2mn58d3j22tc240qv5.jpg */ = {isa = PBXFileReference; lastKnownFileType = image.jpeg; path = 4e7f0c83gy1gam2mn58d3j22tc240qv5.jpg; sourceTree = "<group>"; };
		B467B9152AA39F6A00AC214D /* eb5c94aegy1gav26fycwlj20zk1h8drh.jpg */ = {isa = PBXFileReference; lastKnownFileType = image.jpeg; path = eb5c94aegy1gav26fycwlj20zk1h8drh.jpg; sourceTree = "<group>"; };
		B467B9162AA39F6A00AC214D /* 630584a6gy1gau54zyj61j20m80etn07.jpg */ = {isa = PBXFileReference; lastKnownFileType = image.jpeg; path = 630584a6gy1gau54zyj61j20m80etn07.jpg; sourceTree = "<group>"; };
		B467B9172AA39F6A00AC214D /* c5aa834fgy1gauzr8ok78j20tz12fk8w.jpg */ = {isa = PBXFileReference; lastKnownFileType = image.jpeg; path = c5aa834fgy1gauzr8ok78j20tz12fk8w.jpg; sourceTree = "<group>"; };
		B467B9182AA39F6A00AC214D /* 76297935ly8g4phfkq68hj20u00u0mzt.jpg */ = {isa = PBXFileReference; lastKnownFileType = image.jpeg; path = 76297935ly8g4phfkq68hj20u00u0mzt.jpg; sourceTree = "<group>"; };
		B467B9192AA39F6A00AC214D /* 9dc7402fgy1gavd37l9nwj20j60ny44q.jpg */ = {isa = PBXFileReference; lastKnownFileType = image.jpeg; path = 9dc7402fgy1gavd37l9nwj20j60ny44q.jpg; sourceTree = "<group>"; };
		B467B91A2AA39F6A00AC214D /* 700a34f6gy1gaunswwui7j20j60pl78e.jpg */ = {isa = PBXFileReference; lastKnownFileType = image.jpeg; path = 700a34f6gy1gaunswwui7j20j60pl78e.jpg; sourceTree = "<group>"; };
		B467B91B2AA39F6A00AC214D /* 630584a6gy1gau54zgaxhj20m80et0vq.jpg */ = {isa = PBXFileReference; lastKnownFileType = image.jpeg; path = 630584a6gy1gau54zgaxhj20m80et0vq.jpg; sourceTree = "<group>"; };
		B467B91C2AA39F6A00AC214D /* 4e7f0c83gy1gam2mjhk8zj21hc0v6wnx.jpg */ = {isa = PBXFileReference; lastKnownFileType = image.jpeg; path = 4e7f0c83gy1gam2mjhk8zj21hc0v6wnx.jpg; sourceTree = "<group>"; };
		B467B91D2AA39F6A00AC214D /* 6ec3b446gy1gavd4xud8lj20j60qkwj0.jpg */ = {isa = PBXFileReference; lastKnownFileType = image.jpeg; path = 6ec3b446gy1gavd4xud8lj20j60qkwj0.jpg; sourceTree = "<group>"; };
		B467B91E2AA39F6A00AC214D /* 4e7f0c83ly8g1ho507078j20ro0rojtq.jpg */ = {isa = PBXFileReference; lastKnownFileType = image.jpeg; path = 4e7f0c83ly8g1ho507078j20ro0rojtq.jpg; sourceTree = "<group>"; };
		B467B91F2AA39F6A00AC214D /* bca7fdafly1gax1gqdhouj20c80axaam.jpg */ = {isa = PBXFileReference; lastKnownFileType = image.jpeg; path = bca7fdafly1gax1gqdhouj20c80axaam.jpg; sourceTree = "<group>"; };
		B467B9202AA39F6A00AC214D /* 6ec3b446gy1gavd523embj20j60pytd6.jpg */ = {isa = PBXFileReference; lastKnownFileType = image.jpeg; path = 6ec3b446gy1gavd523embj20j60pytd6.jpg; sourceTree = "<group>"; };
		B467B9212AA39F6A00AC214D /* 005tnxzUly8gab4i2r73xj30u00u0js8.jpg */ = {isa = PBXFileReference; lastKnownFileType = image.jpeg; path = 005tnxzUly8gab4i2r73xj30u00u0js8.jpg; sourceTree = "<group>"; };
		B467B9762AA3A28500AC214D /* VipBadgeView.swift */ = {isa = PBXFileReference; lastKnownFileType = sourcecode.swift; path = VipBadgeView.swift; sourceTree = "<group>"; };
/* End PBXFileReference section */

/* Begin PBXFrameworksBuildPhase section */
		B467B8B72AA23B8800AC214D /* Frameworks */ = {
			isa = PBXFrameworksBuildPhase;
			buildActionMask = 2147483647;
			files = (
			);
			runOnlyForDeploymentPostprocessing = 0;
		};
/* End PBXFrameworksBuildPhase section */

/* Begin PBXGroup section */
		B467B8B12AA23B8800AC214D = {
			isa = PBXGroup;
			children = (
				B467B8BC2AA23B8800AC214D /* MyPressure */,
				B467B8BB2AA23B8800AC214D /* Products */,
			);
			sourceTree = "<group>";
		};
		B467B8BB2AA23B8800AC214D /* Products */ = {
			isa = PBXGroup;
			children = (
				B467B8BA2AA23B8800AC214D /* MyPressure.app */,
			);
			name = Products;
			sourceTree = "<group>";
		};
		B467B8BC2AA23B8800AC214D /* MyPressure */ = {
			isa = PBXGroup;
			children = (
				B467B9752AA3A24C00AC214D /* UIUtils */,
				B467B8CB2AA37DD900AC214D /* Feed */,
				B467B8BD2AA23B8800AC214D /* MyPressureApp.swift */,
				B467B8BF2AA23B8800AC214D /* ContentView.swift */,
				B467B8C12AA23B8900AC214D /* Assets.xcassets */,
				B467B8CE2AA39F6A00AC214D /* Resources */,
				B467B8C32AA23B8900AC214D /* Preview Content */,
			);
			path = MyPressure;
			sourceTree = "<group>";
		};
		B467B8C32AA23B8900AC214D /* Preview Content */ = {
			isa = PBXGroup;
			children = (
				B467B8C42AA23B8900AC214D /* Preview Assets.xcassets */,
			);
			path = "Preview Content";
			sourceTree = "<group>";
		};
		B467B8CB2AA37DD900AC214D /* Feed */ = {
			isa = PBXGroup;
			children = (
				B467B8CC2AA37F7A00AC214D /* FeedCellHeaderView.swift */,
			);
			path = Feed;
			sourceTree = "<group>";
		};
		B467B8CE2AA39F6A00AC214D /* Resources */ = {
			isa = PBXGroup;
			children = (
				B467B8CF2AA39F6A00AC214D /* 8697cf1ely8gashxj3b09j20u00u040v.jpg */,
				B467B8D02AA39F6A00AC214D /* d0c21786ly1gavj2c0kcej20c8096dh7.jpg */,
				B467B8D12AA39F6A00AC214D /* 6ec3b446jw1e8qgp5bmzyj2050050aa8.jpg */,
				B467B8D22AA39F6A00AC214D /* 8a0b5544jw1e8qgp5bmzyj2050050aa8.jpg */,
				B467B8D32AA39F6A00AC214D /* bca7fdafly1gax1gqdg6qj20c80avdgl.jpg */,
				B467B8D42AA39F6A00AC214D /* 9dc7402fjw1e8qgp5bmzyj2050050aa8.jpg */,
				B467B8D52AA39F6A00AC214D /* eb5c94aegy1gav25n5ibjj20zk1h8wuu.jpg */,
				B467B8D62AA39F6A00AC214D /* 006gWxMEly1gavap8dywoj30hs0bwq48.jpg */,
				B467B8D72AA39F6A00AC214D /* 630584a6gy1gau54zl806j20m80etmzo.jpg */,
				B467B8D82AA39F6A00AC214D /* 9dc7402fgy1gavd38wwlrj20j60nyq6y.jpg */,
				B467B8D92AA39F6A00AC214D /* 8a0b5544gy1gauy2flua6j20u00hitab.jpg */,
				B467B8DA2AA39F6A00AC214D /* 7f9147a5ly1fzxlh4ovuej20e90fl4fo.jpg */,
				B467B8DB2AA39F6A00AC214D /* 7f9147a5ly1fzxlgxgzpij20e90fltsj.jpg */,
				B467B8DC2AA39F6A00AC214D /* 76297935ly1gatz8obqvkj22c0340npe.jpg */,
				B467B8DD2AA39F6A00AC214D /* d0c21786ly8fsax1ftiifj20ro0ro43g.jpg */,
				B467B8DE2AA39F6A00AC214D /* 9dc7402fgy1gavd38kqjtj20j60nyn1d.jpg */,
				B467B8DF2AA39F6A00AC214D /* 6a2afec3gy1gaulykcejqj20t5145wns.jpg */,
				B467B8E02AA39F6A00AC214D /* 4e7f0c83gy1gam2mp0x4pj22tc240u0x.jpg */,
				B467B8E12AA39F6A00AC214D /* c5aa834fgy1gauzrb7s5ej20tz13qh5x.jpg */,
				B467B8E22AA39F6A00AC214D /* 700a34f6gy1gaunswxtlrj20j60pkgok.jpg */,
				B467B8E32AA39F6A00AC214D /* 8a0b5544gy1gauy2ex786j20u0129aed.jpg */,
				B467B8E42AA39F6A00AC214D /* 76297935ly1gatz89dzblj23402c0qv6.jpg */,
				B467B8E52AA39F6A00AC214D /* 700a34f6gy1gaunswy5qnj20j60pkadk.jpg */,
				B467B8E62AA39F6A00AC214D /* bca7fdafgw1ekhkps65b1j2050050dg4.jpg */,
				B467B8E72AA39F6A00AC214D /* PostListData_recommend_1.json */,
				B467B8E82AA39F6A00AC214D /* 006gWxMEly8g0bjpl3ynij30kv0kv773.jpg */,
				B467B8E92AA39F6A00AC214D /* 6ec3b446gy1gavd51jc4lj20j60pmwhl.jpg */,
				B467B8EA2AA39F6A00AC214D /* 006gWxMEly1gavap88gttj30hs0a0dgf.jpg */,
				B467B8EB2AA39F6A00AC214D /* 4e7f0c83gy1gam2ml6nucj22tc240kjl.jpg */,
				B467B8EC2AA39F6A00AC214D /* 4e7f0c83gy1gam2misv31j21hc0u016k.jpg */,
				B467B8ED2AA39F6A00AC214D /* 8a0b5544gy1gauy2gmkg9j20u00gegnp.jpg */,
				B467B8EE2AA39F6A00AC214D /* 006gWxMEly1gavap8vsqaj30hs0bwgm6.jpg */,
				B467B8EF2AA39F6A00AC214D /* 648ed25bjw8est9nqrtnij20500503yr.jpg */,
				B467B8F02AA39F6A00AC214D /* eb5c94aegy1gav25ox6dvj20u00k1go9.jpg */,
				B467B8F12AA39F6A00AC214D /* 8a0b5544gy1gauy2g35yoj20u00fomzf.jpg */,
				B467B8F22AA39F6A00AC214D /* 006PdkDoly8ffywe2fq39j304g04gwed.jpg */,
				B467B8F32AA39F6A00AC214D /* 700a34f6gy1gaunsxgzixj20j60edmz8.jpg */,
				B467B8F42AA39F6A00AC214D /* bca7fdafly1gax1gqdnboj20c80atmxp.jpg */,
				B467B8F52AA39F6A00AC214D /* c5aa834fgy1gauzr6venkj20u01hc12f.jpg */,
				B467B8F62AA39F6A00AC214D /* 7f9147a5ly1fzxlh6hzdnj20e90fl7me.jpg */,
				B467B8F72AA39F6A00AC214D /* 630584a6gy1gau54zm4dtj20m80dftbv.jpg */,
				B467B8F82AA39F6A00AC214D /* c5aa834fgy1gauzr86bp5j20pb0w47in.jpg */,
				B467B8F92AA39F6A00AC214D /* 9dc7402fgy1gavd39ba15j20j60nywii.jpg */,
				B467B8FA2AA39F6A00AC214D /* bca7fdafly1gax1gqfgsjj20c80axaay.jpg */,
				B467B8FB2AA39F6A00AC214D /* c5aa834fly8g97m8ix9lcj20re0regnk.jpg */,
				B467B8FC2AA39F6A00AC214D /* 700a34f6ly8g9a29rjt92j20fn0iqdg8.jpg */,
				B467B8FD2AA39F6A00AC214D /* d0c21786ly1gavj2cdrkyj20c80720tg.jpg */,
				B467B8FE2AA39F6A00AC214D /* bca7fdafly1gax1gqehdaj20c80atq3x.jpg */,
				B467B8FF2AA39F6A00AC214D /* d0c21786ly1gavj2d17d9j20c808zq3r.jpg */,
				B467B9002AA39F6A00AC214D /* 8a0b5544gy1gauy2gz000j20u00n6wgj.jpg */,
				B467B9012AA39F6A00AC214D /* 006PdkDogy1gap6ngj12ej30u011itf7.jpg */,
				B467B9022AA39F6A00AC214D /* 700a34f6gy1gaunsx2jywj20j60pkaeu.jpg */,
				B467B9032AA39F6A00AC214D /* 4e7f0c83gy1gam2mr1b81j22tc2407wi.jpg */,
				B467B9042AA39F6A00AC214D /* 6a2afec3jw8fb4ld0qf2gj20e80dsdfz.jpg */,
				B467B9052AA39F6A00AC214D /* bca7fdafly1gax1gqd9vmj20c80ayaam.jpg */,
				B467B9062AA39F6A00AC214D /* 8a0b5544gy1gauy2hcozsj20u01czdiy.jpg */,
				B467B9072AA39F6A00AC214D /* c5aa834fgy1gauzr95r6fj20tw0l3dq4.jpg */,
				B467B9082AA39F6A00AC214D /* 006PdkDogy1gap6ngiyn3j30u011idle.jpg */,
				B467B9092AA39F6A00AC214D /* d0c21786ly1gavj2btv6tj20c80790tg.jpg */,
				B467B90A2AA39F6A00AC214D /* PostListData_hot_1.json */,
				B467B90B2AA39F6A00AC214D /* eb5c94aely8fmvumnl9baj20v90v9q49.jpg */,
				B467B90C2AA39F6A00AC214D /* 630584a6ly8fqs5wwkkmrj20ku0kuta7.jpg */,
				B467B90D2AA39F6A00AC214D /* d0c21786ly1gavj2cowp9j20c8083ab4.jpg */,
				B467B90E2AA39F6A00AC214D /* 9dc7402fgy1gavd367p0pj20j60nywic.jpg */,
				B467B90F2AA39F6A00AC214D /* 006gWxMEly1gavap86qr9j30ht0qo40t.jpg */,
				B467B9102AA39F6A00AC214D /* 76297935ly1gatz8k5itij22c02c01ky.jpg */,
				B467B9112AA39F6A00AC214D /* 76297935ly1gatz8g5rvxj22c03401kz.jpg */,
				B467B9122AA39F6A00AC214D /* 700a34f6gy1gaunsxhp4pj20j60pkn1k.jpg */,
				B467B9132AA39F6A00AC214D /* eb5c94aegy1gav2509cp5j20zk0k0n2j.jpg */,
				B467B9142AA39F6A00AC214D /* 4e7f0c83gy1gam2mn58d3j22tc240qv5.jpg */,
				B467B9152AA39F6A00AC214D /* eb5c94aegy1gav26fycwlj20zk1h8drh.jpg */,
				B467B9162AA39F6A00AC214D /* 630584a6gy1gau54zyj61j20m80etn07.jpg */,
				B467B9172AA39F6A00AC214D /* c5aa834fgy1gauzr8ok78j20tz12fk8w.jpg */,
				B467B9182AA39F6A00AC214D /* 76297935ly8g4phfkq68hj20u00u0mzt.jpg */,
				B467B9192AA39F6A00AC214D /* 9dc7402fgy1gavd37l9nwj20j60ny44q.jpg */,
				B467B91A2AA39F6A00AC214D /* 700a34f6gy1gaunswwui7j20j60pl78e.jpg */,
				B467B91B2AA39F6A00AC214D /* 630584a6gy1gau54zgaxhj20m80et0vq.jpg */,
				B467B91C2AA39F6A00AC214D /* 4e7f0c83gy1gam2mjhk8zj21hc0v6wnx.jpg */,
				B467B91D2AA39F6A00AC214D /* 6ec3b446gy1gavd4xud8lj20j60qkwj0.jpg */,
				B467B91E2AA39F6A00AC214D /* 4e7f0c83ly8g1ho507078j20ro0rojtq.jpg */,
				B467B91F2AA39F6A00AC214D /* bca7fdafly1gax1gqdhouj20c80axaam.jpg */,
				B467B9202AA39F6A00AC214D /* 6ec3b446gy1gavd523embj20j60pytd6.jpg */,
				B467B9212AA39F6A00AC214D /* 005tnxzUly8gab4i2r73xj30u00u0js8.jpg */,
			);
			path = Resources;
			sourceTree = "<group>";
		};
		B467B9752AA3A24C00AC214D /* UIUtils */ = {
			isa = PBXGroup;
			children = (
				B467B9762AA3A28500AC214D /* VipBadgeView.swift */,
			);
			path = UIUtils;
			sourceTree = "<group>";
		};
/* End PBXGroup section */

/* Begin PBXNativeTarget section */
		B467B8B92AA23B8800AC214D /* MyPressure */ = {
			isa = PBXNativeTarget;
			buildConfigurationList = B467B8C82AA23B8900AC214D /* Build configuration list for PBXNativeTarget "MyPressure" */;
			buildPhases = (
				B467B8B62AA23B8800AC214D /* Sources */,
				B467B8B72AA23B8800AC214D /* Frameworks */,
				B467B8B82AA23B8800AC214D /* Resources */,
			);
			buildRules = (
			);
			dependencies = (
			);
			name = MyPressure;
			productName = MyPressure;
			productReference = B467B8BA2AA23B8800AC214D /* MyPressure.app */;
			productType = "com.apple.product-type.application";
		};
/* End PBXNativeTarget section */

/* Begin PBXProject section */
		B467B8B22AA23B8800AC214D /* Project object */ = {
			isa = PBXProject;
			attributes = {
				BuildIndependentTargetsInParallel = 1;
				LastSwiftUpdateCheck = 1500;
				LastUpgradeCheck = 1500;
				TargetAttributes = {
					B467B8B92AA23B8800AC214D = {
						CreatedOnToolsVersion = 15.0;
					};
				};
			};
			buildConfigurationList = B467B8B52AA23B8800AC214D /* Build configuration list for PBXProject "MyPressure" */;
			compatibilityVersion = "Xcode 14.0";
			developmentRegion = en;
			hasScannedForEncodings = 0;
			knownRegions = (
				en,
				Base,
			);
			mainGroup = B467B8B12AA23B8800AC214D;
			productRefGroup = B467B8BB2AA23B8800AC214D /* Products */;
			projectDirPath = "";
			projectRoot = "";
			targets = (
				B467B8B92AA23B8800AC214D /* MyPressure */,
			);
		};
/* End PBXProject section */

/* Begin PBXResourcesBuildPhase section */
		B467B8B82AA23B8800AC214D /* Resources */ = {
			isa = PBXResourcesBuildPhase;
			buildActionMask = 2147483647;
			files = (
				B467B8C52AA23B8900AC214D /* Preview Assets.xcassets in Resources */,
				B467B94D2AA39F6A00AC214D /* bca7fdafly1gax1gqfgsjj20c80axaay.jpg in Resources */,
				B467B9232AA39F6A00AC214D /* d0c21786ly1gavj2c0kcej20c8096dh7.jpg in Resources */,
				B467B9362AA39F6A00AC214D /* 8a0b5544gy1gauy2ex786j20u0129aed.jpg in Resources */,
				B467B9502AA39F6A00AC214D /* d0c21786ly1gavj2cdrkyj20c80720tg.jpg in Resources */,
				B467B9642AA39F6A00AC214D /* 76297935ly1gatz8g5rvxj22c03401kz.jpg in Resources */,
				B467B9702AA39F6A00AC214D /* 6ec3b446gy1gavd4xud8lj20j60qkwj0.jpg in Resources */,
				B467B93A2AA39F6A00AC214D /* PostListData_recommend_1.json in Resources */,
				B467B93B2AA39F6A00AC214D /* 006gWxMEly8g0bjpl3ynij30kv0kv773.jpg in Resources */,
				B467B95A2AA39F6A00AC214D /* c5aa834fgy1gauzr95r6fj20tw0l3dq4.jpg in Resources */,
				B467B9562AA39F6A00AC214D /* 4e7f0c83gy1gam2mr1b81j22tc2407wi.jpg in Resources */,
				B467B9462AA39F6A00AC214D /* 700a34f6gy1gaunsxgzixj20j60edmz8.jpg in Resources */,
				B467B9282AA39F6A00AC214D /* eb5c94aegy1gav25n5ibjj20zk1h8wuu.jpg in Resources */,
				B467B9412AA39F6A00AC214D /* 006gWxMEly1gavap8vsqaj30hs0bwgm6.jpg in Resources */,
				B467B92C2AA39F6A00AC214D /* 8a0b5544gy1gauy2flua6j20u00hitab.jpg in Resources */,
				B467B9442AA39F6A00AC214D /* 8a0b5544gy1gauy2g35yoj20u00fomzf.jpg in Resources */,
				B467B9732AA39F6A00AC214D /* 6ec3b446gy1gavd523embj20j60pytd6.jpg in Resources */,
				B467B9322AA39F6A00AC214D /* 6a2afec3gy1gaulykcejqj20t5145wns.jpg in Resources */,
				B467B96C2AA39F6A00AC214D /* 9dc7402fgy1gavd37l9nwj20j60ny44q.jpg in Resources */,
				B467B93C2AA39F6A00AC214D /* 6ec3b446gy1gavd51jc4lj20j60pmwhl.jpg in Resources */,
				B467B96D2AA39F6A00AC214D /* 700a34f6gy1gaunswwui7j20j60pl78e.jpg in Resources */,
				B467B9592AA39F6A00AC214D /* 8a0b5544gy1gauy2hcozsj20u01czdiy.jpg in Resources */,
				B467B95D2AA39F6A00AC214D /* PostListData_hot_1.json in Resources */,
				B467B9492AA39F6A00AC214D /* 7f9147a5ly1fzxlh6hzdnj20e90fl7me.jpg in Resources */,
				B467B96B2AA39F6A00AC214D /* 76297935ly8g4phfkq68hj20u00u0mzt.jpg in Resources */,
				B467B9522AA39F6A00AC214D /* d0c21786ly1gavj2d17d9j20c808zq3r.jpg in Resources */,
				B467B9712AA39F6A00AC214D /* 4e7f0c83ly8g1ho507078j20ro0rojtq.jpg in Resources */,
				B467B9672AA39F6A00AC214D /* 4e7f0c83gy1gam2mn58d3j22tc240qv5.jpg in Resources */,
				B467B9312AA39F6A00AC214D /* 9dc7402fgy1gavd38kqjtj20j60nyn1d.jpg in Resources */,
				B467B95B2AA39F6A00AC214D /* 006PdkDogy1gap6ngiyn3j30u011idle.jpg in Resources */,
				B467B9402AA39F6A00AC214D /* 8a0b5544gy1gauy2gmkg9j20u00gegnp.jpg in Resources */,
				B467B9262AA39F6A00AC214D /* bca7fdafly1gax1gqdg6qj20c80avdgl.jpg in Resources */,
				B467B9622AA39F6A00AC214D /* 006gWxMEly1gavap86qr9j30ht0qo40t.jpg in Resources */,
				B467B94B2AA39F6A00AC214D /* c5aa834fgy1gauzr86bp5j20pb0w47in.jpg in Resources */,
				B467B92F2AA39F6A00AC214D /* 76297935ly1gatz8obqvkj22c0340npe.jpg in Resources */,
				B467B9252AA39F6A00AC214D /* 8a0b5544jw1e8qgp5bmzyj2050050aa8.jpg in Resources */,
				B467B9632AA39F6A00AC214D /* 76297935ly1gatz8k5itij22c02c01ky.jpg in Resources */,
				B467B9652AA39F6A00AC214D /* 700a34f6gy1gaunsxhp4pj20j60pkn1k.jpg in Resources */,
				B467B95F2AA39F6A00AC214D /* 630584a6ly8fqs5wwkkmrj20ku0kuta7.jpg in Resources */,
				B467B95C2AA39F6A00AC214D /* d0c21786ly1gavj2btv6tj20c80790tg.jpg in Resources */,
				B467B92E2AA39F6A00AC214D /* 7f9147a5ly1fzxlgxgzpij20e90fltsj.jpg in Resources */,
				B467B9532AA39F6A00AC214D /* 8a0b5544gy1gauy2gz000j20u00n6wgj.jpg in Resources */,
				B467B96E2AA39F6A00AC214D /* 630584a6gy1gau54zgaxhj20m80et0vq.jpg in Resources */,
				B467B9612AA39F6A00AC214D /* 9dc7402fgy1gavd367p0pj20j60nywic.jpg in Resources */,
				B467B9272AA39F6A00AC214D /* 9dc7402fjw1e8qgp5bmzyj2050050aa8.jpg in Resources */,
				B467B93D2AA39F6A00AC214D /* 006gWxMEly1gavap88gttj30hs0a0dgf.jpg in Resources */,
				B467B9472AA39F6A00AC214D /* bca7fdafly1gax1gqdnboj20c80atmxp.jpg in Resources */,
				B467B96F2AA39F6A00AC214D /* 4e7f0c83gy1gam2mjhk8zj21hc0v6wnx.jpg in Resources */,
				B467B9222AA39F6A00AC214D /* 8697cf1ely8gashxj3b09j20u00u040v.jpg in Resources */,
				B467B96A2AA39F6A00AC214D /* c5aa834fgy1gauzr8ok78j20tz12fk8w.jpg in Resources */,
				B467B93F2AA39F6A00AC214D /* 4e7f0c83gy1gam2misv31j21hc0u016k.jpg in Resources */,
				B467B9392AA39F6A00AC214D /* bca7fdafgw1ekhkps65b1j2050050dg4.jpg in Resources */,
				B467B9572AA39F6A00AC214D /* 6a2afec3jw8fb4ld0qf2gj20e80dsdfz.jpg in Resources */,
				B467B9482AA39F6A00AC214D /* c5aa834fgy1gauzr6venkj20u01hc12f.jpg in Resources */,
				B467B9542AA39F6A00AC214D /* 006PdkDogy1gap6ngj12ej30u011itf7.jpg in Resources */,
				B467B94A2AA39F6A00AC214D /* 630584a6gy1gau54zm4dtj20m80dftbv.jpg in Resources */,
				B467B92B2AA39F6A00AC214D /* 9dc7402fgy1gavd38wwlrj20j60nyq6y.jpg in Resources */,
				B467B9342AA39F6A00AC214D /* c5aa834fgy1gauzrb7s5ej20tz13qh5x.jpg in Resources */,
				B467B95E2AA39F6A00AC214D /* eb5c94aely8fmvumnl9baj20v90v9q49.jpg in Resources */,
				B467B93E2AA39F6A00AC214D /* 4e7f0c83gy1gam2ml6nucj22tc240kjl.jpg in Resources */,
				B467B92A2AA39F6A00AC214D /* 630584a6gy1gau54zl806j20m80etmzo.jpg in Resources */,
				B467B9292AA39F6A00AC214D /* 006gWxMEly1gavap8dywoj30hs0bwq48.jpg in Resources */,
				B467B9722AA39F6A00AC214D /* bca7fdafly1gax1gqdhouj20c80axaam.jpg in Resources */,
				B467B9372AA39F6A00AC214D /* 76297935ly1gatz89dzblj23402c0qv6.jpg in Resources */,
				B467B9352AA39F6A00AC214D /* 700a34f6gy1gaunswxtlrj20j60pkgok.jpg in Resources */,
				B467B9452AA39F6A00AC214D /* 006PdkDoly8ffywe2fq39j304g04gwed.jpg in Resources */,
				B467B9512AA39F6A00AC214D /* bca7fdafly1gax1gqehdaj20c80atq3x.jpg in Resources */,
				B467B8C22AA23B8900AC214D /* Assets.xcassets in Resources */,
				B467B9552AA39F6A00AC214D /* 700a34f6gy1gaunsx2jywj20j60pkaeu.jpg in Resources */,
				B467B9662AA39F6A00AC214D /* eb5c94aegy1gav2509cp5j20zk0k0n2j.jpg in Resources */,
				B467B9582AA39F6A00AC214D /* bca7fdafly1gax1gqd9vmj20c80ayaam.jpg in Resources */,
				B467B9742AA39F6A00AC214D /* 005tnxzUly8gab4i2r73xj30u00u0js8.jpg in Resources */,
				B467B9422AA39F6A00AC214D /* 648ed25bjw8est9nqrtnij20500503yr.jpg in Resources */,
				B467B9432AA39F6A00AC214D /* eb5c94aegy1gav25ox6dvj20u00k1go9.jpg in Resources */,
				B467B9332AA39F6A00AC214D /* 4e7f0c83gy1gam2mp0x4pj22tc240u0x.jpg in Resources */,
				B467B9692AA39F6A00AC214D /* 630584a6gy1gau54zyj61j20m80etn07.jpg in Resources */,
				B467B9302AA39F6A00AC214D /* d0c21786ly8fsax1ftiifj20ro0ro43g.jpg in Resources */,
				B467B9382AA39F6A00AC214D /* 700a34f6gy1gaunswy5qnj20j60pkadk.jpg in Resources */,
				B467B9602AA39F6A00AC214D /* d0c21786ly1gavj2cowp9j20c8083ab4.jpg in Resources */,
				B467B9242AA39F6A00AC214D /* 6ec3b446jw1e8qgp5bmzyj2050050aa8.jpg in Resources */,
				B467B92D2AA39F6A00AC214D /* 7f9147a5ly1fzxlh4ovuej20e90fl4fo.jpg in Resources */,
				B467B9682AA39F6A00AC214D /* eb5c94aegy1gav26fycwlj20zk1h8drh.jpg in Resources */,
				B467B94C2AA39F6A00AC214D /* 9dc7402fgy1gavd39ba15j20j60nywii.jpg in Resources */,
				B467B94E2AA39F6A00AC214D /* c5aa834fly8g97m8ix9lcj20re0regnk.jpg in Resources */,
				B467B94F2AA39F6A00AC214D /* 700a34f6ly8g9a29rjt92j20fn0iqdg8.jpg in Resources */,
			);
			runOnlyForDeploymentPostprocessing = 0;
		};
/* End PBXResourcesBuildPhase section */

/* Begin PBXSourcesBuildPhase section */
		B467B8B62AA23B8800AC214D /* Sources */ = {
			isa = PBXSourcesBuildPhase;
			buildActionMask = 2147483647;
			files = (
				B467B8C02AA23B8800AC214D /* ContentView.swift in Sources */,
				B467B8CD2AA37F7A00AC214D /* FeedCellHeaderView.swift in Sources */,
				B467B9772AA3A28500AC214D /* VipBadgeView.swift in Sources */,
				B467B8BE2AA23B8800AC214D /* MyPressureApp.swift in Sources */,
			);
			runOnlyForDeploymentPostprocessing = 0;
		};
/* End PBXSourcesBuildPhase section */

/* Begin XCBuildConfiguration section */
		B467B8C62AA23B8900AC214D /* Debug */ = {
			isa = XCBuildConfiguration;
			buildSettings = {
				ALWAYS_SEARCH_USER_PATHS = NO;
				ASSETCATALOG_COMPILER_GENERATE_SWIFT_ASSET_SYMBOL_EXTENSIONS = YES;
				CLANG_ANALYZER_NONNULL = YES;
				CLANG_ANALYZER_NUMBER_OBJECT_CONVERSION = YES_AGGRESSIVE;
				CLANG_CXX_LANGUAGE_STANDARD = "gnu++20";
				CLANG_ENABLE_MODULES = YES;
				CLANG_ENABLE_OBJC_ARC = YES;
				CLANG_ENABLE_OBJC_WEAK = YES;
				CLANG_WARN_BLOCK_CAPTURE_AUTORELEASING = YES;
				CLANG_WARN_BOOL_CONVERSION = YES;
				CLANG_WARN_COMMA = YES;
				CLANG_WARN_CONSTANT_CONVERSION = YES;
				CLANG_WARN_DEPRECATED_OBJC_IMPLEMENTATIONS = YES;
				CLANG_WARN_DIRECT_OBJC_ISA_USAGE = YES_ERROR;
				CLANG_WARN_DOCUMENTATION_COMMENTS = YES;
				CLANG_WARN_EMPTY_BODY = YES;
				CLANG_WARN_ENUM_CONVERSION = YES;
				CLANG_WARN_INFINITE_RECURSION = YES;
				CLANG_WARN_INT_CONVERSION = YES;
				CLANG_WARN_NON_LITERAL_NULL_CONVERSION = YES;
				CLANG_WARN_OBJC_IMPLICIT_RETAIN_SELF = YES;
				CLANG_WARN_OBJC_LITERAL_CONVERSION = YES;
				CLANG_WARN_OBJC_ROOT_CLASS = YES_ERROR;
				CLANG_WARN_QUOTED_INCLUDE_IN_FRAMEWORK_HEADER = YES;
				CLANG_WARN_RANGE_LOOP_ANALYSIS = YES;
				CLANG_WARN_STRICT_PROTOTYPES = YES;
				CLANG_WARN_SUSPICIOUS_MOVE = YES;
				CLANG_WARN_UNGUARDED_AVAILABILITY = YES_AGGRESSIVE;
				CLANG_WARN_UNREACHABLE_CODE = YES;
				CLANG_WARN__DUPLICATE_METHOD_MATCH = YES;
				COPY_PHASE_STRIP = NO;
				DEBUG_INFORMATION_FORMAT = dwarf;
				ENABLE_STRICT_OBJC_MSGSEND = YES;
				ENABLE_TESTABILITY = YES;
				ENABLE_USER_SCRIPT_SANDBOXING = YES;
				GCC_C_LANGUAGE_STANDARD = gnu17;
				GCC_DYNAMIC_NO_PIC = NO;
				GCC_NO_COMMON_BLOCKS = YES;
				GCC_OPTIMIZATION_LEVEL = 0;
				GCC_PREPROCESSOR_DEFINITIONS = (
					"DEBUG=1",
					"$(inherited)",
				);
				GCC_WARN_64_TO_32_BIT_CONVERSION = YES;
				GCC_WARN_ABOUT_RETURN_TYPE = YES_ERROR;
				GCC_WARN_UNDECLARED_SELECTOR = YES;
				GCC_WARN_UNINITIALIZED_AUTOS = YES_AGGRESSIVE;
				GCC_WARN_UNUSED_FUNCTION = YES;
				GCC_WARN_UNUSED_VARIABLE = YES;
				IPHONEOS_DEPLOYMENT_TARGET = 17.0;
				LOCALIZATION_PREFERS_STRING_CATALOGS = YES;
				MTL_ENABLE_DEBUG_INFO = INCLUDE_SOURCE;
				MTL_FAST_MATH = YES;
				ONLY_ACTIVE_ARCH = YES;
				SDKROOT = iphoneos;
				SWIFT_ACTIVE_COMPILATION_CONDITIONS = "DEBUG $(inherited)";
				SWIFT_OPTIMIZATION_LEVEL = "-Onone";
			};
			name = Debug;
		};
		B467B8C72AA23B8900AC214D /* Release */ = {
			isa = XCBuildConfiguration;
			buildSettings = {
				ALWAYS_SEARCH_USER_PATHS = NO;
				ASSETCATALOG_COMPILER_GENERATE_SWIFT_ASSET_SYMBOL_EXTENSIONS = YES;
				CLANG_ANALYZER_NONNULL = YES;
				CLANG_ANALYZER_NUMBER_OBJECT_CONVERSION = YES_AGGRESSIVE;
				CLANG_CXX_LANGUAGE_STANDARD = "gnu++20";
				CLANG_ENABLE_MODULES = YES;
				CLANG_ENABLE_OBJC_ARC = YES;
				CLANG_ENABLE_OBJC_WEAK = YES;
				CLANG_WARN_BLOCK_CAPTURE_AUTORELEASING = YES;
				CLANG_WARN_BOOL_CONVERSION = YES;
				CLANG_WARN_COMMA = YES;
				CLANG_WARN_CONSTANT_CONVERSION = YES;
				CLANG_WARN_DEPRECATED_OBJC_IMPLEMENTATIONS = YES;
				CLANG_WARN_DIRECT_OBJC_ISA_USAGE = YES_ERROR;
				CLANG_WARN_DOCUMENTATION_COMMENTS = YES;
				CLANG_WARN_EMPTY_BODY = YES;
				CLANG_WARN_ENUM_CONVERSION = YES;
				CLANG_WARN_INFINITE_RECURSION = YES;
				CLANG_WARN_INT_CONVERSION = YES;
				CLANG_WARN_NON_LITERAL_NULL_CONVERSION = YES;
				CLANG_WARN_OBJC_IMPLICIT_RETAIN_SELF = YES;
				CLANG_WARN_OBJC_LITERAL_CONVERSION = YES;
				CLANG_WARN_OBJC_ROOT_CLASS = YES_ERROR;
				CLANG_WARN_QUOTED_INCLUDE_IN_FRAMEWORK_HEADER = YES;
				CLANG_WARN_RANGE_LOOP_ANALYSIS = YES;
				CLANG_WARN_STRICT_PROTOTYPES = YES;
				CLANG_WARN_SUSPICIOUS_MOVE = YES;
				CLANG_WARN_UNGUARDED_AVAILABILITY = YES_AGGRESSIVE;
				CLANG_WARN_UNREACHABLE_CODE = YES;
				CLANG_WARN__DUPLICATE_METHOD_MATCH = YES;
				COPY_PHASE_STRIP = NO;
				DEBUG_INFORMATION_FORMAT = "dwarf-with-dsym";
				ENABLE_NS_ASSERTIONS = NO;
				ENABLE_STRICT_OBJC_MSGSEND = YES;
				ENABLE_USER_SCRIPT_SANDBOXING = YES;
				GCC_C_LANGUAGE_STANDARD = gnu17;
				GCC_NO_COMMON_BLOCKS = YES;
				GCC_WARN_64_TO_32_BIT_CONVERSION = YES;
				GCC_WARN_ABOUT_RETURN_TYPE = YES_ERROR;
				GCC_WARN_UNDECLARED_SELECTOR = YES;
				GCC_WARN_UNINITIALIZED_AUTOS = YES_AGGRESSIVE;
				GCC_WARN_UNUSED_FUNCTION = YES;
				GCC_WARN_UNUSED_VARIABLE = YES;
				IPHONEOS_DEPLOYMENT_TARGET = 17.0;
				LOCALIZATION_PREFERS_STRING_CATALOGS = YES;
				MTL_ENABLE_DEBUG_INFO = NO;
				MTL_FAST_MATH = YES;
				SDKROOT = iphoneos;
				SWIFT_COMPILATION_MODE = wholemodule;
				VALIDATE_PRODUCT = YES;
			};
			name = Release;
		};
		B467B8C92AA23B8900AC214D /* Debug */ = {
			isa = XCBuildConfiguration;
			buildSettings = {
				ASSETCATALOG_COMPILER_APPICON_NAME = AppIcon;
				ASSETCATALOG_COMPILER_GLOBAL_ACCENT_COLOR_NAME = AccentColor;
				CODE_SIGN_STYLE = Automatic;
				CURRENT_PROJECT_VERSION = 1;
				DEVELOPMENT_ASSET_PATHS = "\"MyPressure/Preview Content\"";
				ENABLE_PREVIEWS = YES;
				GENERATE_INFOPLIST_FILE = YES;
				INFOPLIST_KEY_UIApplicationSceneManifest_Generation = YES;
				INFOPLIST_KEY_UIApplicationSupportsIndirectInputEvents = YES;
				INFOPLIST_KEY_UILaunchScreen_Generation = YES;
				INFOPLIST_KEY_UISupportedInterfaceOrientations_iPad = "UIInterfaceOrientationPortrait UIInterfaceOrientationPortraitUpsideDown UIInterfaceOrientationLandscapeLeft UIInterfaceOrientationLandscapeRight";
				INFOPLIST_KEY_UISupportedInterfaceOrientations_iPhone = "UIInterfaceOrientationPortrait UIInterfaceOrientationLandscapeLeft UIInterfaceOrientationLandscapeRight";
				LD_RUNPATH_SEARCH_PATHS = (
					"$(inherited)",
					"@executable_path/Frameworks",
				);
				MARKETING_VERSION = 1.0;
				PRODUCT_BUNDLE_IDENTIFIER = fozza.MyPressure;
				PRODUCT_NAME = "$(TARGET_NAME)";
				SWIFT_EMIT_LOC_STRINGS = YES;
				SWIFT_VERSION = 5.0;
				TARGETED_DEVICE_FAMILY = "1,2";
			};
			name = Debug;
		};
		B467B8CA2AA23B8900AC214D /* Release */ = {
			isa = XCBuildConfiguration;
			buildSettings = {
				ASSETCATALOG_COMPILER_APPICON_NAME = AppIcon;
				ASSETCATALOG_COMPILER_GLOBAL_ACCENT_COLOR_NAME = AccentColor;
				CODE_SIGN_STYLE = Automatic;
				CURRENT_PROJECT_VERSION = 1;
				DEVELOPMENT_ASSET_PATHS = "\"MyPressure/Preview Content\"";
				ENABLE_PREVIEWS = YES;
				GENERATE_INFOPLIST_FILE = YES;
				INFOPLIST_KEY_UIApplicationSceneManifest_Generation = YES;
				INFOPLIST_KEY_UIApplicationSupportsIndirectInputEvents = YES;
				INFOPLIST_KEY_UILaunchScreen_Generation = YES;
				INFOPLIST_KEY_UISupportedInterfaceOrientations_iPad = "UIInterfaceOrientationPortrait UIInterfaceOrientationPortraitUpsideDown UIInterfaceOrientationLandscapeLeft UIInterfaceOrientationLandscapeRight";
				INFOPLIST_KEY_UISupportedInterfaceOrientations_iPhone = "UIInterfaceOrientationPortrait UIInterfaceOrientationLandscapeLeft UIInterfaceOrientationLandscapeRight";
				LD_RUNPATH_SEARCH_PATHS = (
					"$(inherited)",
					"@executable_path/Frameworks",
				);
				MARKETING_VERSION = 1.0;
				PRODUCT_BUNDLE_IDENTIFIER = fozza.MyPressure;
				PRODUCT_NAME = "$(TARGET_NAME)";
				SWIFT_EMIT_LOC_STRINGS = YES;
				SWIFT_VERSION = 5.0;
				TARGETED_DEVICE_FAMILY = "1,2";
			};
			name = Release;
		};
/* End XCBuildConfiguration section */

/* Begin XCConfigurationList section */
		B467B8B52AA23B8800AC214D /* Build configuration list for PBXProject "MyPressure" */ = {
			isa = XCConfigurationList;
			buildConfigurations = (
				B467B8C62AA23B8900AC214D /* Debug */,
				B467B8C72AA23B8900AC214D /* Release */,
			);
			defaultConfigurationIsVisible = 0;
			defaultConfigurationName = Release;
		};
		B467B8C82AA23B8900AC214D /* Build configuration list for PBXNativeTarget "MyPressure" */ = {
			isa = XCConfigurationList;
			buildConfigurations = (
				B467B8C92AA23B8900AC214D /* Debug */,
				B467B8CA2AA23B8900AC214D /* Release */,
			);
			defaultConfigurationIsVisible = 0;
			defaultConfigurationName = Release;
		};
/* End XCConfigurationList section */
	};
	rootObject = B467B8B22AA23B8800AC214D /* Project object */;
}
